
Microsoft Visual Studio Solution File, Format Version 12.00
# Visual Studio 14
VisualStudioVersion = 14.0.25420.1
MinimumVisualStudioVersion = 10.0.40219.1
Project("{8BC9CEB8-8B4A-11D0-8D11-00A0C91BC942}") = "Day03", "Day03\Day03.vcxproj", "{7A464930-4C11-4ECC-83CD-1C39F24DB74F}"
EndProject
Project("{8BC9CEB8-8B4A-11D0-8D11-00A0C91BC942}") = "Day01", "Day01\Day01.vcxproj", "{A90F8340-32AD-48BA-9F44-7D80184DDFA8}"
EndProject
Project("{8BC9CEB8-8B4A-11D0-8D11-00A0C91BC942}") = "Day02", "Day02\Day02.vcxproj", "{76AC3B0F-BF9A-449A-A797-479895540383}"
EndProject
Project("{8BC9CEB8-8B4A-11D0-8D11-00A0C91BC942}") = "Day04", "Day04\Day04.vcxproj", "{B8AE5F32-6DF0-411D-872B-74E7406B1132}"
EndProject
Project("{8BC9CEB8-8B4A-11D0-8D11-00A0C91BC942}") = "Day05", "Day05\Day05.vcxproj", "{E6B486B1-F574-4F18-91F5-CDE0C841B89E}"
EndProject
Project("{8BC9CEB8-8B4A-11D0-8D11-00A0C91BC942}") = "ForExam", "ForExam\ForExam.vcxproj", "{797B45BD-D69A-47D7-BAA5-CE056A241591}"
EndProject
Project("{8BC9CEB8-8B4A-11D0-8D11-00A0C91BC942}") = "Day06", "Day06\Day06.vcxproj", "{653191B0-95BB-43CC-8851-5FCD9F9465AE}"
EndProject
Global
	GlobalSection(SolutionConfigurationPlatforms) = preSolution
		Debug|x64 = Debug|x64
		Debug|x86 = Debug|x86
		Release|x64 = Release|x64
		Release|x86 = Release|x86
	EndGlobalSection
	GlobalSection(ProjectConfigurationPlatforms) = postSolution
		{7A464930-4C11-4ECC-83CD-1C39F24DB74F}.Debug|x64.ActiveCfg = Debug|x64
		{7A464930-4C11-4ECC-83CD-1C39F24DB74F}.Debug|x64.Build.0 = Debug|x64
		{7A464930-4C11-4ECC-83CD-1C39F24DB74F}.Debug|x86.ActiveCfg = Debug|Win32
		{7A464930-4C11-4ECC-83CD-1C39F24DB74F}.Debug|x86.Build.0 = Debug|Win32
		{7A464930-4C11-4ECC-83CD-1C39F24DB74F}.Release|x64.ActiveCfg = Release|x64
		{7A464930-4C11-4ECC-83CD-1C39F24DB74F}.Release|x64.Build.0 = Release|x64
		{7A464930-4C11-4ECC-83CD-1C39F24DB74F}.Release|x86.ActiveCfg = Release|Win32
		{7A464930-4C11-4ECC-83CD-1C39F24DB74F}.Release|x86.Build.0 = Release|Win32
		{A90F8340-32AD-48BA-9F44-7D80184DDFA8}.Debug|x64.ActiveCfg = Debug|x64
		{A90F8340-32AD-48BA-9F44-7D80184DDFA8}.Debug|x64.Build.0 = Debug|x64
		{A90F8340-32AD-48BA-9F44-7D80184DDFA8}.Debug|x86.ActiveCfg = Debug|Win32
		{A90F8340-32AD-48BA-9F44-7D80184DDFA8}.Debug|x86.Build.0 = Debug|Win32
		{A90F8340-32AD-48BA-9F44-7D80184DDFA8}.Release|x64.ActiveCfg = Release|x64
		{A90F8340-32AD-48BA-9F44-7D80184DDFA8}.Release|x64.Build.0 = Release|x64
		{A90F8340-32AD-48BA-9F44-7D80184DDFA8}.Release|x86.ActiveCfg = Release|Win32
		{A90F8340-32AD-48BA-9F44-7D80184DDFA8}.Release|x86.Build.0 = Release|Win32
		{76AC3B0F-BF9A-449A-A797-479895540383}.Debug|x64.ActiveCfg = Debug|x64
		{76AC3B0F-BF9A-449A-A797-479895540383}.Debug|x64.Build.0 = Debug|x64
		{76AC3B0F-BF9A-449A-A797-479895540383}.Debug|x86.ActiveCfg = Debug|Win32
		{76AC3B0F-BF9A-449A-A797-479895540383}.Debug|x86.Build.0 = Debug|Win32
		{76AC3B0F-BF9A-449A-A797-479895540383}.Release|x64.ActiveCfg = Release|x64
		{76AC3B0F-BF9A-449A-A797-479895540383}.Release|x64.Build.0 = Release|x64
		{76AC3B0F-BF9A-449A-A797-479895540383}.Release|x86.ActiveCfg = Release|Win32
		{76AC3B0F-BF9A-449A-A797-479895540383}.Release|x86.Build.0 = Release|Win32
		{B8AE5F32-6DF0-411D-872B-74E7406B1132}.Debug|x64.ActiveCfg = Debug|x64
		{B8AE5F32-6DF0-411D-872B-74E7406B1132}.Debug|x64.Build.0 = Debug|x64
		{B8AE5F32-6DF0-411D-872B-74E7406B1132}.Debug|x86.ActiveCfg = Debug|Win32
		{B8AE5F32-6DF0-411D-872B-74E7406B1132}.Debug|x86.Build.0 = Debug|Win32
		{B8AE5F32-6DF0-411D-872B-74E7406B1132}.Release|x64.ActiveCfg = Release|x64
		{B8AE5F32-6DF0-411D-872B-74E7406B1132}.Release|x64.Build.0 = Release|x64
		{B8AE5F32-6DF0-411D-872B-74E7406B1132}.Release|x86.ActiveCfg = Release|Win32
		{B8AE5F32-6DF0-411D-872B-74E7406B1132}.Release|x86.Build.0 = Release|Win32
		{E6B486B1-F574-4F18-91F5-CDE0C841B89E}.Debug|x64.ActiveCfg = Debug|x64
		{E6B486B1-F574-4F18-91F5-CDE0C841B89E}.Debug|x64.Build.0 = Debug|x64
		{E6B486B1-F574-4F18-91F5-CDE0C841B89E}.Debug|x86.ActiveCfg = Debug|Win32
		{E6B486B1-F574-4F18-91F5-CDE0C841B89E}.Debug|x86.Build.0 = Debug|Win32
		{E6B486B1-F574-4F18-91F5-CDE0C841B89E}.Release|x64.ActiveCfg = Release|x64
		{E6B486B1-F574-4F18-91F5-CDE0C841B89E}.Release|x64.Build.0 = Release|x64
		{E6B486B1-F574-4F18-91F5-CDE0C841B89E}.Release|x86.ActiveCfg = Release|Win32
		{E6B486B1-F574-4F18-91F5-CDE0C841B89E}.Release|x86.Build.0 = Release|Win32
		{797B45BD-D69A-47D7-BAA5-CE056A241591}.Debug|x64.ActiveCfg = Debug|x64
		{797B45BD-D69A-47D7-BAA5-CE056A241591}.Debug|x64.Build.0 = Debug|x64
		{797B45BD-D69A-47D7-BAA5-CE056A241591}.Debug|x86.ActiveCfg = Debug|Win32
		{797B45BD-D69A-47D7-BAA5-CE056A241591}.Debug|x86.Build.0 = Debug|Win32
		{797B45BD-D69A-47D7-BAA5-CE056A241591}.Release|x64.ActiveCfg = Release|x64
		{797B45BD-D69A-47D7-BAA5-CE056A241591}.Release|x64.Build.0 = Release|x64
		{797B45BD-D69A-47D7-BAA5-CE056A241591}.Release|x86.ActiveCfg = Release|Win32
		{797B45BD-D69A-47D7-BAA5-CE056A241591}.Release|x86.Build.0 = Release|Win32
		{653191B0-95BB-43CC-8851-5FCD9F9465AE}.Debug|x64.ActiveCfg = Debug|x64
		{653191B0-95BB-43CC-8851-5FCD9F9465AE}.Debug|x64.Build.0 = Debug|x64
		{653191B0-95BB-43CC-8851-5FCD9F9465AE}.Debug|x86.ActiveCfg = Debug|Win32
		{653191B0-95BB-43CC-8851-5FCD9F9465AE}.Debug|x86.Build.0 = Debug|Win32
		{653191B0-95BB-43CC-8851-5FCD9F9465AE}.Release|x64.ActiveCfg = Release|x64
		{653191B0-95BB-43CC-8851-5FCD9F9465AE}.Release|x64.Build.0 = Release|x64
		{653191B0-95BB-43CC-8851-5FCD9F9465AE}.Release|x86.ActiveCfg = Release|Win32
		{653191B0-95BB-43CC-8851-5FCD9F9465AE}.Release|x86.Build.0 = Release|Win32
	EndGlobalSection
	GlobalSection(SolutionProperties) = preSolution
		HideSolutionNode = FALSE
	EndGlobalSection
EndGlobal
