
Microsoft Visual Studio Solution File, Format Version 12.00
# Visual Studio 14
VisualStudioVersion = 14.0.25420.1
MinimumVisualStudioVersion = 10.0.40219.1
Project("{8BC9CEB8-8B4A-11D0-8D11-00A0C91BC942}") = "Day01", "GLSample\GLSample.vcxproj", "{1F635223-65E6-4D60-8D9C-BD2EC429A26C}"
EndProject
Project("{8BC9CEB8-8B4A-11D0-8D11-00A0C91BC942}") = "Day02", "day2\day2.vcxproj", "{C3A604F7-584B-49FC-A91F-F500EB5497CA}"
EndProject
Project("{8BC9CEB8-8B4A-11D0-8D11-00A0C91BC942}") = "HW1", "HW1\HW1.vcxproj", "{C2DCCDA9-C8EA-4827-9869-C10E9B9EC591}"
EndProject
Project("{8BC9CEB8-8B4A-11D0-8D11-00A0C91BC942}") = "Day03", "Day03\Day03.vcxproj", "{7A464930-4C11-4ECC-83CD-1C39F24DB74F}"
EndProject
Global
	GlobalSection(SolutionConfigurationPlatforms) = preSolution
		Debug|x64 = Debug|x64
		Debug|x86 = Debug|x86
		Release|x64 = Release|x64
		Release|x86 = Release|x86
	EndGlobalSection
	GlobalSection(ProjectConfigurationPlatforms) = postSolution
		{1F635223-65E6-4D60-8D9C-BD2EC429A26C}.Debug|x64.ActiveCfg = Debug|x64
		{1F635223-65E6-4D60-8D9C-BD2EC429A26C}.Debug|x64.Build.0 = Debug|x64
		{1F635223-65E6-4D60-8D9C-BD2EC429A26C}.Debug|x86.ActiveCfg = Debug|Win32
		{1F635223-65E6-4D60-8D9C-BD2EC429A26C}.Debug|x86.Build.0 = Debug|Win32
		{1F635223-65E6-4D60-8D9C-BD2EC429A26C}.Release|x64.ActiveCfg = Release|x64
		{1F635223-65E6-4D60-8D9C-BD2EC429A26C}.Release|x64.Build.0 = Release|x64
		{1F635223-65E6-4D60-8D9C-BD2EC429A26C}.Release|x86.ActiveCfg = Release|Win32
		{1F635223-65E6-4D60-8D9C-BD2EC429A26C}.Release|x86.Build.0 = Release|Win32
		{C3A604F7-584B-49FC-A91F-F500EB5497CA}.Debug|x64.ActiveCfg = Debug|x64
		{C3A604F7-584B-49FC-A91F-F500EB5497CA}.Debug|x64.Build.0 = Debug|x64
		{C3A604F7-584B-49FC-A91F-F500EB5497CA}.Debug|x86.ActiveCfg = Debug|Win32
		{C3A604F7-584B-49FC-A91F-F500EB5497CA}.Debug|x86.Build.0 = Debug|Win32
		{C3A604F7-584B-49FC-A91F-F500EB5497CA}.Release|x64.ActiveCfg = Release|x64
		{C3A604F7-584B-49FC-A91F-F500EB5497CA}.Release|x64.Build.0 = Release|x64
		{C3A604F7-584B-49FC-A91F-F500EB5497CA}.Release|x86.ActiveCfg = Release|Win32
		{C3A604F7-584B-49FC-A91F-F500EB5497CA}.Release|x86.Build.0 = Release|Win32
		{C2DCCDA9-C8EA-4827-9869-C10E9B9EC591}.Debug|x64.ActiveCfg = Debug|x64
		{C2DCCDA9-C8EA-4827-9869-C10E9B9EC591}.Debug|x64.Build.0 = Debug|x64
		{C2DCCDA9-C8EA-4827-9869-C10E9B9EC591}.Debug|x86.ActiveCfg = Debug|Win32
		{C2DCCDA9-C8EA-4827-9869-C10E9B9EC591}.Debug|x86.Build.0 = Debug|Win32
		{C2DCCDA9-C8EA-4827-9869-C10E9B9EC591}.Release|x64.ActiveCfg = Release|x64
		{C2DCCDA9-C8EA-4827-9869-C10E9B9EC591}.Release|x64.Build.0 = Release|x64
		{C2DCCDA9-C8EA-4827-9869-C10E9B9EC591}.Release|x86.ActiveCfg = Release|Win32
		{C2DCCDA9-C8EA-4827-9869-C10E9B9EC591}.Release|x86.Build.0 = Release|Win32
		{7A464930-4C11-4ECC-83CD-1C39F24DB74F}.Debug|x64.ActiveCfg = Debug|x64
		{7A464930-4C11-4ECC-83CD-1C39F24DB74F}.Debug|x64.Build.0 = Debug|x64
		{7A464930-4C11-4ECC-83CD-1C39F24DB74F}.Debug|x86.ActiveCfg = Debug|Win32
		{7A464930-4C11-4ECC-83CD-1C39F24DB74F}.Debug|x86.Build.0 = Debug|Win32
		{7A464930-4C11-4ECC-83CD-1C39F24DB74F}.Release|x64.ActiveCfg = Release|x64
		{7A464930-4C11-4ECC-83CD-1C39F24DB74F}.Release|x64.Build.0 = Release|x64
		{7A464930-4C11-4ECC-83CD-1C39F24DB74F}.Release|x86.ActiveCfg = Release|Win32
		{7A464930-4C11-4ECC-83CD-1C39F24DB74F}.Release|x86.Build.0 = Release|Win32
	EndGlobalSection
	GlobalSection(SolutionProperties) = preSolution
		HideSolutionNode = FALSE
	EndGlobalSection
EndGlobal
